# This file is generated by running "yarn install" inside your project.
# Manual changes might be lost - proceed with caution!

__metadata:
  version: 6
  cacheKey: 8

"Yarn2_Test@workspace:.":
  version: 0.0.0-use.local
  resolution: "Yarn2_Test@workspace:."
  dependencies:
    npm-package-example: ^1.1.2
  languageName: unknown
  linkType: soft

"npm-package-example@npm:^1.1.2":
  version: 1.1.2
  resolution: "npm-package-example@npm:1.1.2"
  checksum: f560cdfcb262e18f659d38a052717af5e18e368ff2ed99cc273a2ff2cccc94e505c3c4cfdd46a731bb833ea7f0590fdf34b7189f606df31f73d42677c9367be8
  languageName: node
  linkType: hard
